
Microsoft Visual Studio Solution File, Format Version 12.00
# Visual Studio 15
VisualStudioVersion = 15.0.28307.902
MinimumVisualStudioVersion = 10.0.40219.1
Project("{E24C65DC-7377-472B-9ABA-BC803B73C61A}") = "Web(1)", "Web\", "{7FDD57D4-8852-4F97-8A76-86F3F55A1D93}"
	ProjectSection(WebsiteProperties) = preProject
		TargetFrameworkMoniker = ".NETFramework,Version%3Dv2.0"
		Debug.AspNetCompiler.VirtualPath = "/localhost_63183"
		Debug.AspNetCompiler.PhysicalPath = "D:\CongNghePM\Code thiet ke web ban laptop\Web\"
		Debug.AspNetCompiler.TargetPath = "PrecompiledWeb\localhost_63183\"
		Debug.AspNetCompiler.Updateable = "true"
		Debug.AspNetCompiler.ForceOverwrite = "true"
		Debug.AspNetCompiler.FixedNames = "false"
		Debug.AspNetCompiler.Debug = "True"
		Release.AspNetCompiler.VirtualPath = "/localhost_63183"
		Release.AspNetCompiler.PhysicalPath = "D:\CongNghePM\Code thiet ke web ban laptop\Web\"
		Release.AspNetCompiler.TargetPath = "PrecompiledWeb\localhost_63183\"
		Release.AspNetCompiler.Updateable = "true"
		Release.AspNetCompiler.ForceOverwrite = "true"
		Release.AspNetCompiler.FixedNames = "false"
		Release.AspNetCompiler.Debug = "False"
		VWDPort = "63183"
	EndProjectSection
EndProject
Global
	GlobalSection(SolutionConfigurationPlatforms) = preSolution
		Debug|Any CPU = Debug|Any CPU
	EndGlobalSection
	GlobalSection(ProjectConfigurationPlatforms) = postSolution
		{7FDD57D4-8852-4F97-8A76-86F3F55A1D93}.Debug|Any CPU.ActiveCfg = Debug|Any CPU
		{7FDD57D4-8852-4F97-8A76-86F3F55A1D93}.Debug|Any CPU.Build.0 = Debug|Any CPU
	EndGlobalSection
	GlobalSection(SolutionProperties) = preSolution
		HideSolutionNode = FALSE
	EndGlobalSection
	GlobalSection(ExtensibilityGlobals) = postSolution
		SolutionGuid = {67828042-8782-413E-80EC-E4361DBD73BE}
	EndGlobalSection
EndGlobal
